
Microsoft Visual Studio Solution File, Format Version 12.00
# Visual Studio 15
VisualStudioVersion = 15.0.28010.2041
MinimumVisualStudioVersion = 10.0.40219.1
Project("{FAE04EC0-301F-11D3-BF4B-00C04F79EFBC}") = "ejercicio4", "ejercicio4\ejercicio4.csproj", "{487964E0-1B2D-4162-B279-05CD19ADFF0A}"
EndProject
Global
	GlobalSection(SolutionConfigurationPlatforms) = preSolution
		Debug|Any CPU = Debug|Any CPU
		Release|Any CPU = Release|Any CPU
	EndGlobalSection
	GlobalSection(ProjectConfigurationPlatforms) = postSolution
		{487964E0-1B2D-4162-B279-05CD19ADFF0A}.Debug|Any CPU.ActiveCfg = Debug|Any CPU
		{487964E0-1B2D-4162-B279-05CD19ADFF0A}.Debug|Any CPU.Build.0 = Debug|Any CPU
		{487964E0-1B2D-4162-B279-05CD19ADFF0A}.Release|Any CPU.ActiveCfg = Release|Any CPU
		{487964E0-1B2D-4162-B279-05CD19ADFF0A}.Release|Any CPU.Build.0 = Release|Any CPU
	EndGlobalSection
	GlobalSection(SolutionProperties) = preSolution
		HideSolutionNode = FALSE
	EndGlobalSection
	GlobalSection(ExtensibilityGlobals) = postSolution
		SolutionGuid = {AE5001C0-1D78-4882-A522-9DDD63D3C893}
	EndGlobalSection
EndGlobal
